
Microsoft Visual Studio Solution File, Format Version 12.00
# Visual Studio 15
VisualStudioVersion = 15.0.28010.2019
MinimumVisualStudioVersion = 10.0.40219.1
Project("{FAE04EC0-301F-11D3-BF4B-00C04F79EFBC}") = "TabletopManager", "TabletopManager\TabletopManager.csproj", "{966A21B0-4DD3-4997-950F-0445D8D9F62F}"
EndProject
Global
	GlobalSection(SolutionConfigurationPlatforms) = preSolution
		Debug|Any CPU = Debug|Any CPU
		Release|Any CPU = Release|Any CPU
	EndGlobalSection
	GlobalSection(ProjectConfigurationPlatforms) = postSolution
		{966A21B0-4DD3-4997-950F-0445D8D9F62F}.Debug|Any CPU.ActiveCfg = Debug|Any CPU
		{966A21B0-4DD3-4997-950F-0445D8D9F62F}.Debug|Any CPU.Build.0 = Debug|Any CPU
		{966A21B0-4DD3-4997-950F-0445D8D9F62F}.Release|Any CPU.ActiveCfg = Release|Any CPU
		{966A21B0-4DD3-4997-950F-0445D8D9F62F}.Release|Any CPU.Build.0 = Release|Any CPU
	EndGlobalSection
	GlobalSection(SolutionProperties) = preSolution
		HideSolutionNode = FALSE
	EndGlobalSection
	GlobalSection(ExtensibilityGlobals) = postSolution
		SolutionGuid = {D4769E46-B2BB-4139-9124-D28FB696A090}
	EndGlobalSection
EndGlobal
